
Microsoft Visual Studio Solution File, Format Version 12.00
# Visual Studio 15
VisualStudioVersion = 15.0.28306.52
MinimumVisualStudioVersion = 10.0.40219.1
Project("{FAE04EC0-301F-11D3-BF4B-00C04F79EFBC}") = "Deck", "Deck\Deck.csproj", "{AF4E4A7A-4DB8-4608-A43E-BFC124E12FF4}"
EndProject
Project("{FAE04EC0-301F-11D3-BF4B-00C04F79EFBC}") = "UnitTestCardMixer", "UnitTestCardMixer\UnitTestCardMixer.csproj", "{297D3498-D9DD-483A-B6E3-D7A60F27ACC5}"
EndProject
Project("{FAE04EC0-301F-11D3-BF4B-00C04F79EFBC}") = "DeckConsole", "DeckConsole\DeckConsole.csproj", "{D922B621-8F49-4EBF-A724-E46C2F66BE4F}"
EndProject
Global
	GlobalSection(SolutionConfigurationPlatforms) = preSolution
		Debug|Any CPU = Debug|Any CPU
		Release|Any CPU = Release|Any CPU
	EndGlobalSection
	GlobalSection(ProjectConfigurationPlatforms) = postSolution
		{AF4E4A7A-4DB8-4608-A43E-BFC124E12FF4}.Debug|Any CPU.ActiveCfg = Debug|Any CPU
		{AF4E4A7A-4DB8-4608-A43E-BFC124E12FF4}.Debug|Any CPU.Build.0 = Debug|Any CPU
		{AF4E4A7A-4DB8-4608-A43E-BFC124E12FF4}.Release|Any CPU.ActiveCfg = Release|Any CPU
		{AF4E4A7A-4DB8-4608-A43E-BFC124E12FF4}.Release|Any CPU.Build.0 = Release|Any CPU
		{297D3498-D9DD-483A-B6E3-D7A60F27ACC5}.Debug|Any CPU.ActiveCfg = Debug|Any CPU
		{297D3498-D9DD-483A-B6E3-D7A60F27ACC5}.Debug|Any CPU.Build.0 = Debug|Any CPU
		{297D3498-D9DD-483A-B6E3-D7A60F27ACC5}.Release|Any CPU.ActiveCfg = Release|Any CPU
		{297D3498-D9DD-483A-B6E3-D7A60F27ACC5}.Release|Any CPU.Build.0 = Release|Any CPU
		{D922B621-8F49-4EBF-A724-E46C2F66BE4F}.Debug|Any CPU.ActiveCfg = Debug|Any CPU
		{D922B621-8F49-4EBF-A724-E46C2F66BE4F}.Debug|Any CPU.Build.0 = Debug|Any CPU
		{D922B621-8F49-4EBF-A724-E46C2F66BE4F}.Release|Any CPU.ActiveCfg = Release|Any CPU
		{D922B621-8F49-4EBF-A724-E46C2F66BE4F}.Release|Any CPU.Build.0 = Release|Any CPU
	EndGlobalSection
	GlobalSection(SolutionProperties) = preSolution
		HideSolutionNode = FALSE
	EndGlobalSection
	GlobalSection(ExtensibilityGlobals) = postSolution
		SolutionGuid = {DA15050D-ABAC-461C-8EC6-F00047CB55FB}
	EndGlobalSection
EndGlobal
